// !$*UTF8*$!
{
	archiveVersion = 1;
	classes = {
	};
	objectVersion = 56;
	objects = {

/* Begin PBXBuildFile section */
		7A93A57A2B67670900ABF322 /* ToDoListApp.swift in Sources */ = {isa = PBXBuildFile; fileRef = 7A93A5792B67670900ABF322 /* ToDoListApp.swift */; };
		7A93A57C2B67670900ABF322 /* MainView.swift in Sources */ = {isa = PBXBuildFile; fileRef = 7A93A57B2B67670900ABF322 /* MainView.swift */; };
		7A93A57E2B67670A00ABF322 /* Assets.xcassets in Resources */ = {isa = PBXBuildFile; fileRef = 7A93A57D2B67670A00ABF322 /* Assets.xcassets */; };
		7A93A5822B67670A00ABF322 /* Preview Assets.xcassets in Resources */ = {isa = PBXBuildFile; fileRef = 7A93A5812B67670A00ABF322 /* Preview Assets.xcassets */; };
		7A93A58C2B67670A00ABF322 /* ToDoListTests.swift in Sources */ = {isa = PBXBuildFile; fileRef = 7A93A58B2B67670A00ABF322 /* ToDoListTests.swift */; };
		7A93A5962B67670A00ABF322 /* ToDoListUITests.swift in Sources */ = {isa = PBXBuildFile; fileRef = 7A93A5952B67670A00ABF322 /* ToDoListUITests.swift */; };
		7A93A5982B67670A00ABF322 /* ToDoListUITestsLaunchTests.swift in Sources */ = {isa = PBXBuildFile; fileRef = 7A93A5972B67670A00ABF322 /* ToDoListUITestsLaunchTests.swift */; };
		7A93A5A62B67689200ABF322 /* FirebaseAuth in Frameworks */ = {isa = PBXBuildFile; productRef = 7A93A5A52B67689200ABF322 /* FirebaseAuth */; };
		7A93A5A82B67689200ABF322 /* FirebaseFirestore in Frameworks */ = {isa = PBXBuildFile; productRef = 7A93A5A72B67689200ABF322 /* FirebaseFirestore */; };
		7A93A5AA2B67689200ABF322 /* FirebaseFirestoreSwift in Frameworks */ = {isa = PBXBuildFile; productRef = 7A93A5A92B67689200ABF322 /* FirebaseFirestoreSwift */; };
		7A93A5AE2B676A7C00ABF322 /* GoogleService-Info.plist in Resources */ = {isa = PBXBuildFile; fileRef = 7A93A5AD2B676A7C00ABF322 /* GoogleService-Info.plist */; };
		7A93A5B42B676F7500ABF322 /* ProfileView.swift in Sources */ = {isa = PBXBuildFile; fileRef = 7A93A5B32B676F7500ABF322 /* ProfileView.swift */; };
		7A93A5B62B676F8C00ABF322 /* ToDoListView.swift in Sources */ = {isa = PBXBuildFile; fileRef = 7A93A5B52B676F8C00ABF322 /* ToDoListView.swift */; };
		7A93A5B82B676F9900ABF322 /* NewItemView.swift in Sources */ = {isa = PBXBuildFile; fileRef = 7A93A5B72B676F9900ABF322 /* NewItemView.swift */; };
		7A93A5BA2B676FB600ABF322 /* LoginView.swift in Sources */ = {isa = PBXBuildFile; fileRef = 7A93A5B92B676FB600ABF322 /* LoginView.swift */; };
		7A93A5BC2B676FC000ABF322 /* RegisterView.swift in Sources */ = {isa = PBXBuildFile; fileRef = 7A93A5BB2B676FC000ABF322 /* RegisterView.swift */; };
		7A93A5BE2B676FED00ABF322 /* ToDoListItemView.swift in Sources */ = {isa = PBXBuildFile; fileRef = 7A93A5BD2B676FED00ABF322 /* ToDoListItemView.swift */; };
		7A93A5C02B67701F00ABF322 /* User.swift in Sources */ = {isa = PBXBuildFile; fileRef = 7A93A5BF2B67701F00ABF322 /* User.swift */; };
		7A93A5C22B67702C00ABF322 /* ToDoListItem.swift in Sources */ = {isa = PBXBuildFile; fileRef = 7A93A5C12B67702C00ABF322 /* ToDoListItem.swift */; };
		7A93A5C42B67704800ABF322 /* MainViewVM.swift in Sources */ = {isa = PBXBuildFile; fileRef = 7A93A5C32B67704800ABF322 /* MainViewVM.swift */; };
		7A93A5C62B67705900ABF322 /* ProfileViewVM.swift in Sources */ = {isa = PBXBuildFile; fileRef = 7A93A5C52B67705900ABF322 /* ProfileViewVM.swift */; };
		7A93A5C82B67706F00ABF322 /* ToDoListViewVM.swift in Sources */ = {isa = PBXBuildFile; fileRef = 7A93A5C72B67706F00ABF322 /* ToDoListViewVM.swift */; };
		7A93A5CA2B67707D00ABF322 /* NewItemViewVM.swift in Sources */ = {isa = PBXBuildFile; fileRef = 7A93A5C92B67707D00ABF322 /* NewItemViewVM.swift */; };
		7A93A5CC2B67709000ABF322 /* LoginViewVM.swift in Sources */ = {isa = PBXBuildFile; fileRef = 7A93A5CB2B67709000ABF322 /* LoginViewVM.swift */; };
		7A93A5CE2B6770A700ABF322 /* RegisterViewVM.swift in Sources */ = {isa = PBXBuildFile; fileRef = 7A93A5CD2B6770A700ABF322 /* RegisterViewVM.swift */; };
		7A93A5D02B6770BB00ABF322 /* ToDoListItemViewVM.swift in Sources */ = {isa = PBXBuildFile; fileRef = 7A93A5CF2B6770BB00ABF322 /* ToDoListItemViewVM.swift */; };
		7A93A5D22B67769D00ABF322 /* HeaderView.swift in Sources */ = {isa = PBXBuildFile; fileRef = 7A93A5D12B67769D00ABF322 /* HeaderView.swift */; };
/* End PBXBuildFile section */

/* Begin PBXContainerItemProxy section */
		7A93A5882B67670A00ABF322 /* PBXContainerItemProxy */ = {
			isa = PBXContainerItemProxy;
			containerPortal = 7A93A56E2B67670900ABF322 /* Project object */;
			proxyType = 1;
			remoteGlobalIDString = 7A93A5752B67670900ABF322;
			remoteInfo = ToDoList;
		};
		7A93A5922B67670A00ABF322 /* PBXContainerItemProxy */ = {
			isa = PBXContainerItemProxy;
			containerPortal = 7A93A56E2B67670900ABF322 /* Project object */;
			proxyType = 1;
			remoteGlobalIDString = 7A93A5752B67670900ABF322;
			remoteInfo = ToDoList;
		};
/* End PBXContainerItemProxy section */

/* Begin PBXFileReference section */
		7A93A5762B67670900ABF322 /* ToDoList.app */ = {isa = PBXFileReference; explicitFileType = wrapper.application; includeInIndex = 0; path = ToDoList.app; sourceTree = BUILT_PRODUCTS_DIR; };
		7A93A5792B67670900ABF322 /* ToDoListApp.swift */ = {isa = PBXFileReference; lastKnownFileType = sourcecode.swift; path = ToDoListApp.swift; sourceTree = "<group>"; };
		7A93A57B2B67670900ABF322 /* MainView.swift */ = {isa = PBXFileReference; lastKnownFileType = sourcecode.swift; path = MainView.swift; sourceTree = "<group>"; };
		7A93A57D2B67670A00ABF322 /* Assets.xcassets */ = {isa = PBXFileReference; lastKnownFileType = folder.assetcatalog; path = Assets.xcassets; sourceTree = "<group>"; };
		7A93A57F2B67670A00ABF322 /* ToDoList.entitlements */ = {isa = PBXFileReference; lastKnownFileType = text.plist.entitlements; path = ToDoList.entitlements; sourceTree = "<group>"; };
		7A93A5812B67670A00ABF322 /* Preview Assets.xcassets */ = {isa = PBXFileReference; lastKnownFileType = folder.assetcatalog; path = "Preview Assets.xcassets"; sourceTree = "<group>"; };
		7A93A5872B67670A00ABF322 /* ToDoListTests.xctest */ = {isa = PBXFileReference; explicitFileType = wrapper.cfbundle; includeInIndex = 0; path = ToDoListTests.xctest; sourceTree = BUILT_PRODUCTS_DIR; };
		7A93A58B2B67670A00ABF322 /* ToDoListTests.swift */ = {isa = PBXFileReference; lastKnownFileType = sourcecode.swift; path = ToDoListTests.swift; sourceTree = "<group>"; };
		7A93A5912B67670A00ABF322 /* ToDoListUITests.xctest */ = {isa = PBXFileReference; explicitFileType = wrapper.cfbundle; includeInIndex = 0; path = ToDoListUITests.xctest; sourceTree = BUILT_PRODUCTS_DIR; };
		7A93A5952B67670A00ABF322 /* ToDoListUITests.swift */ = {isa = PBXFileReference; lastKnownFileType = sourcecode.swift; path = ToDoListUITests.swift; sourceTree = "<group>"; };
		7A93A5972B67670A00ABF322 /* ToDoListUITestsLaunchTests.swift */ = {isa = PBXFileReference; lastKnownFileType = sourcecode.swift; path = ToDoListUITestsLaunchTests.swift; sourceTree = "<group>"; };
		7A93A5AD2B676A7C00ABF322 /* GoogleService-Info.plist */ = {isa = PBXFileReference; fileEncoding = 4; lastKnownFileType = text.plist.xml; path = "GoogleService-Info.plist"; sourceTree = "<group>"; };
		7A93A5B32B676F7500ABF322 /* ProfileView.swift */ = {isa = PBXFileReference; lastKnownFileType = sourcecode.swift; path = ProfileView.swift; sourceTree = "<group>"; };
		7A93A5B52B676F8C00ABF322 /* ToDoListView.swift */ = {isa = PBXFileReference; lastKnownFileType = sourcecode.swift; path = ToDoListView.swift; sourceTree = "<group>"; };
		7A93A5B72B676F9900ABF322 /* NewItemView.swift */ = {isa = PBXFileReference; lastKnownFileType = sourcecode.swift; path = NewItemView.swift; sourceTree = "<group>"; };
		7A93A5B92B676FB600ABF322 /* LoginView.swift */ = {isa = PBXFileReference; lastKnownFileType = sourcecode.swift; path = LoginView.swift; sourceTree = "<group>"; };
		7A93A5BB2B676FC000ABF322 /* RegisterView.swift */ = {isa = PBXFileReference; lastKnownFileType = sourcecode.swift; path = RegisterView.swift; sourceTree = "<group>"; };
		7A93A5BD2B676FED00ABF322 /* ToDoListItemView.swift */ = {isa = PBXFileReference; lastKnownFileType = sourcecode.swift; path = ToDoListItemView.swift; sourceTree = "<group>"; };
		7A93A5BF2B67701F00ABF322 /* User.swift */ = {isa = PBXFileReference; lastKnownFileType = sourcecode.swift; path = User.swift; sourceTree = "<group>"; };
		7A93A5C12B67702C00ABF322 /* ToDoListItem.swift */ = {isa = PBXFileReference; lastKnownFileType = sourcecode.swift; path = ToDoListItem.swift; sourceTree = "<group>"; };
		7A93A5C32B67704800ABF322 /* MainViewVM.swift */ = {isa = PBXFileReference; lastKnownFileType = sourcecode.swift; path = MainViewVM.swift; sourceTree = "<group>"; };
		7A93A5C52B67705900ABF322 /* ProfileViewVM.swift */ = {isa = PBXFileReference; lastKnownFileType = sourcecode.swift; path = ProfileViewVM.swift; sourceTree = "<group>"; };
		7A93A5C72B67706F00ABF322 /* ToDoListViewVM.swift */ = {isa = PBXFileReference; lastKnownFileType = sourcecode.swift; path = ToDoListViewVM.swift; sourceTree = "<group>"; };
		7A93A5C92B67707D00ABF322 /* NewItemViewVM.swift */ = {isa = PBXFileReference; lastKnownFileType = sourcecode.swift; path = NewItemViewVM.swift; sourceTree = "<group>"; };
		7A93A5CB2B67709000ABF322 /* LoginViewVM.swift */ = {isa = PBXFileReference; lastKnownFileType = sourcecode.swift; path = LoginViewVM.swift; sourceTree = "<group>"; };
		7A93A5CD2B6770A700ABF322 /* RegisterViewVM.swift */ = {isa = PBXFileReference; lastKnownFileType = sourcecode.swift; path = RegisterViewVM.swift; sourceTree = "<group>"; };
		7A93A5CF2B6770BB00ABF322 /* ToDoListItemViewVM.swift */ = {isa = PBXFileReference; lastKnownFileType = sourcecode.swift; path = ToDoListItemViewVM.swift; sourceTree = "<group>"; };
		7A93A5D12B67769D00ABF322 /* HeaderView.swift */ = {isa = PBXFileReference; lastKnownFileType = sourcecode.swift; path = HeaderView.swift; sourceTree = "<group>"; };
/* End PBXFileReference section */

/* Begin PBXFrameworksBuildPhase section */
		7A93A5732B67670900ABF322 /* Frameworks */ = {
			isa = PBXFrameworksBuildPhase;
			buildActionMask = 2147483647;
			files = (
				7A93A5A62B67689200ABF322 /* FirebaseAuth in Frameworks */,
				7A93A5A82B67689200ABF322 /* FirebaseFirestore in Frameworks */,
				7A93A5AA2B67689200ABF322 /* FirebaseFirestoreSwift in Frameworks */,
			);
			runOnlyForDeploymentPostprocessing = 0;
		};
		7A93A5842B67670A00ABF322 /* Frameworks */ = {
			isa = PBXFrameworksBuildPhase;
			buildActionMask = 2147483647;
			files = (
			);
			runOnlyForDeploymentPostprocessing = 0;
		};
		7A93A58E2B67670A00ABF322 /* Frameworks */ = {
			isa = PBXFrameworksBuildPhase;
			buildActionMask = 2147483647;
			files = (
			);
			runOnlyForDeploymentPostprocessing = 0;
		};
/* End PBXFrameworksBuildPhase section */

/* Begin PBXGroup section */
		7A93A56D2B67670900ABF322 = {
			isa = PBXGroup;
			children = (
				7A93A5782B67670900ABF322 /* ToDoList */,
				7A93A58A2B67670A00ABF322 /* ToDoListTests */,
				7A93A5942B67670A00ABF322 /* ToDoListUITests */,
				7A93A5772B67670900ABF322 /* Products */,
			);
			sourceTree = "<group>";
		};
		7A93A5772B67670900ABF322 /* Products */ = {
			isa = PBXGroup;
			children = (
				7A93A5762B67670900ABF322 /* ToDoList.app */,
				7A93A5872B67670A00ABF322 /* ToDoListTests.xctest */,
				7A93A5912B67670A00ABF322 /* ToDoListUITests.xctest */,
			);
			name = Products;
			sourceTree = "<group>";
		};
		7A93A5782B67670900ABF322 /* ToDoList */ = {
			isa = PBXGroup;
			children = (
				7A93A5B22B676D4D00ABF322 /* Other */,
				7A93A5B12B676D4000ABF322 /* Models */,
				7A93A5B02B676D2200ABF322 /* ViewModels */,
				7A93A5AF2B676D0B00ABF322 /* Views */,
				7A93A57F2B67670A00ABF322 /* ToDoList.entitlements */,
				7A93A5802B67670A00ABF322 /* Preview Content */,
			);
			path = ToDoList;
			sourceTree = "<group>";
		};
		7A93A5802B67670A00ABF322 /* Preview Content */ = {
			isa = PBXGroup;
			children = (
				7A93A5812B67670A00ABF322 /* Preview Assets.xcassets */,
			);
			path = "Preview Content";
			sourceTree = "<group>";
		};
		7A93A58A2B67670A00ABF322 /* ToDoListTests */ = {
			isa = PBXGroup;
			children = (
				7A93A58B2B67670A00ABF322 /* ToDoListTests.swift */,
			);
			path = ToDoListTests;
			sourceTree = "<group>";
		};
		7A93A5942B67670A00ABF322 /* ToDoListUITests */ = {
			isa = PBXGroup;
			children = (
				7A93A5952B67670A00ABF322 /* ToDoListUITests.swift */,
				7A93A5972B67670A00ABF322 /* ToDoListUITestsLaunchTests.swift */,
			);
			path = ToDoListUITests;
			sourceTree = "<group>";
		};
		7A93A5AF2B676D0B00ABF322 /* Views */ = {
			isa = PBXGroup;
			children = (
				7A93A57B2B67670900ABF322 /* MainView.swift */,
				7A93A5B32B676F7500ABF322 /* ProfileView.swift */,
				7A93A5B52B676F8C00ABF322 /* ToDoListView.swift */,
				7A93A5B72B676F9900ABF322 /* NewItemView.swift */,
				7A93A5B92B676FB600ABF322 /* LoginView.swift */,
				7A93A5BB2B676FC000ABF322 /* RegisterView.swift */,
				7A93A5BD2B676FED00ABF322 /* ToDoListItemView.swift */,
				7A93A5D12B67769D00ABF322 /* HeaderView.swift */,
			);
			path = Views;
			sourceTree = "<group>";
		};
		7A93A5B02B676D2200ABF322 /* ViewModels */ = {
			isa = PBXGroup;
			children = (
				7A93A5C32B67704800ABF322 /* MainViewVM.swift */,
				7A93A5C52B67705900ABF322 /* ProfileViewVM.swift */,
				7A93A5C72B67706F00ABF322 /* ToDoListViewVM.swift */,
				7A93A5C92B67707D00ABF322 /* NewItemViewVM.swift */,
				7A93A5CB2B67709000ABF322 /* LoginViewVM.swift */,
				7A93A5CD2B6770A700ABF322 /* RegisterViewVM.swift */,
				7A93A5CF2B6770BB00ABF322 /* ToDoListItemViewVM.swift */,
			);
			path = ViewModels;
			sourceTree = "<group>";
		};
		7A93A5B12B676D4000ABF322 /* Models */ = {
			isa = PBXGroup;
			children = (
				7A93A5BF2B67701F00ABF322 /* User.swift */,
				7A93A5C12B67702C00ABF322 /* ToDoListItem.swift */,
			);
			path = Models;
			sourceTree = "<group>";
		};
		7A93A5B22B676D4D00ABF322 /* Other */ = {
			isa = PBXGroup;
			children = (
				7A93A5AD2B676A7C00ABF322 /* GoogleService-Info.plist */,
				7A93A5792B67670900ABF322 /* ToDoListApp.swift */,
				7A93A57D2B67670A00ABF322 /* Assets.xcassets */,
			);
			path = Other;
			sourceTree = "<group>";
		};
/* End PBXGroup section */

/* Begin PBXNativeTarget section */
		7A93A5752B67670900ABF322 /* ToDoList */ = {
			isa = PBXNativeTarget;
			buildConfigurationList = 7A93A59B2B67670A00ABF322 /* Build configuration list for PBXNativeTarget "ToDoList" */;
			buildPhases = (
				7A93A5722B67670900ABF322 /* Sources */,
				7A93A5732B67670900ABF322 /* Frameworks */,
				7A93A5742B67670900ABF322 /* Resources */,
			);
			buildRules = (
			);
			dependencies = (
			);
			name = ToDoList;
			packageProductDependencies = (
				7A93A5A52B67689200ABF322 /* FirebaseAuth */,
				7A93A5A72B67689200ABF322 /* FirebaseFirestore */,
				7A93A5A92B67689200ABF322 /* FirebaseFirestoreSwift */,
			);
			productName = ToDoList;
			productReference = 7A93A5762B67670900ABF322 /* ToDoList.app */;
			productType = "com.apple.product-type.application";
		};
		7A93A5862B67670A00ABF322 /* ToDoListTests */ = {
			isa = PBXNativeTarget;
			buildConfigurationList = 7A93A59E2B67670A00ABF322 /* Build configuration list for PBXNativeTarget "ToDoListTests" */;
			buildPhases = (
				7A93A5832B67670A00ABF322 /* Sources */,
				7A93A5842B67670A00ABF322 /* Frameworks */,
				7A93A5852B67670A00ABF322 /* Resources */,
			);
			buildRules = (
			);
			dependencies = (
				7A93A5892B67670A00ABF322 /* PBXTargetDependency */,
			);
			name = ToDoListTests;
			productName = ToDoListTests;
			productReference = 7A93A5872B67670A00ABF322 /* ToDoListTests.xctest */;
			productType = "com.apple.product-type.bundle.unit-test";
		};
		7A93A5902B67670A00ABF322 /* ToDoListUITests */ = {
			isa = PBXNativeTarget;
			buildConfigurationList = 7A93A5A12B67670A00ABF322 /* Build configuration list for PBXNativeTarget "ToDoListUITests" */;
			buildPhases = (
				7A93A58D2B67670A00ABF322 /* Sources */,
				7A93A58E2B67670A00ABF322 /* Frameworks */,
				7A93A58F2B67670A00ABF322 /* Resources */,
			);
			buildRules = (
			);
			dependencies = (
				7A93A5932B67670A00ABF322 /* PBXTargetDependency */,
			);
			name = ToDoListUITests;
			productName = ToDoListUITests;
			productReference = 7A93A5912B67670A00ABF322 /* ToDoListUITests.xctest */;
			productType = "com.apple.product-type.bundle.ui-testing";
		};
/* End PBXNativeTarget section */

/* Begin PBXProject section */
		7A93A56E2B67670900ABF322 /* Project object */ = {
			isa = PBXProject;
			attributes = {
				BuildIndependentTargetsInParallel = 1;
				LastSwiftUpdateCheck = 1520;
				LastUpgradeCheck = 1520;
				TargetAttributes = {
					7A93A5752B67670900ABF322 = {
						CreatedOnToolsVersion = 15.2;
					};
					7A93A5862B67670A00ABF322 = {
						CreatedOnToolsVersion = 15.2;
						TestTargetID = 7A93A5752B67670900ABF322;
					};
					7A93A5902B67670A00ABF322 = {
						CreatedOnToolsVersion = 15.2;
						TestTargetID = 7A93A5752B67670900ABF322;
					};
				};
			};
			buildConfigurationList = 7A93A5712B67670900ABF322 /* Build configuration list for PBXProject "ToDoList" */;
			compatibilityVersion = "Xcode 14.0";
			developmentRegion = en;
			hasScannedForEncodings = 0;
			knownRegions = (
				en,
				Base,
			);
			mainGroup = 7A93A56D2B67670900ABF322;
			packageReferences = (
				7A93A5A42B67689200ABF322 /* XCRemoteSwiftPackageReference "firebase-ios-sdk" */,
			);
			productRefGroup = 7A93A5772B67670900ABF322 /* Products */;
			projectDirPath = "";
			projectRoot = "";
			targets = (
				7A93A5752B67670900ABF322 /* ToDoList */,
				7A93A5862B67670A00ABF322 /* ToDoListTests */,
				7A93A5902B67670A00ABF322 /* ToDoListUITests */,
			);
		};
/* End PBXProject section */

/* Begin PBXResourcesBuildPhase section */
		7A93A5742B67670900ABF322 /* Resources */ = {
			isa = PBXResourcesBuildPhase;
			buildActionMask = 2147483647;
			files = (
				7A93A5822B67670A00ABF322 /* Preview Assets.xcassets in Resources */,
				7A93A57E2B67670A00ABF322 /* Assets.xcassets in Resources */,
				7A93A5AE2B676A7C00ABF322 /* GoogleService-Info.plist in Resources */,
			);
			runOnlyForDeploymentPostprocessing = 0;
		};
		7A93A5852B67670A00ABF322 /* Resources */ = {
			isa = PBXResourcesBuildPhase;
			buildActionMask = 2147483647;
			files = (
			);
			runOnlyForDeploymentPostprocessing = 0;
		};
		7A93A58F2B67670A00ABF322 /* Resources */ = {
			isa = PBXResourcesBuildPhase;
			buildActionMask = 2147483647;
			files = (
			);
			runOnlyForDeploymentPostprocessing = 0;
		};
/* End PBXResourcesBuildPhase section */

/* Begin PBXSourcesBuildPhase section */
		7A93A5722B67670900ABF322 /* Sources */ = {
			isa = PBXSourcesBuildPhase;
			buildActionMask = 2147483647;
			files = (
				7A93A5BA2B676FB600ABF322 /* LoginView.swift in Sources */,
				7A93A5D22B67769D00ABF322 /* HeaderView.swift in Sources */,
				7A93A57C2B67670900ABF322 /* MainView.swift in Sources */,
				7A93A5CE2B6770A700ABF322 /* RegisterViewVM.swift in Sources */,
				7A93A5B62B676F8C00ABF322 /* ToDoListView.swift in Sources */,
				7A93A5C42B67704800ABF322 /* MainViewVM.swift in Sources */,
				7A93A5BC2B676FC000ABF322 /* RegisterView.swift in Sources */,
				7A93A5C62B67705900ABF322 /* ProfileViewVM.swift in Sources */,
				7A93A5B42B676F7500ABF322 /* ProfileView.swift in Sources */,
				7A93A5C02B67701F00ABF322 /* User.swift in Sources */,
				7A93A5BE2B676FED00ABF322 /* ToDoListItemView.swift in Sources */,
				7A93A5CC2B67709000ABF322 /* LoginViewVM.swift in Sources */,
				7A93A57A2B67670900ABF322 /* ToDoListApp.swift in Sources */,
				7A93A5D02B6770BB00ABF322 /* ToDoListItemViewVM.swift in Sources */,
				7A93A5C22B67702C00ABF322 /* ToDoListItem.swift in Sources */,
				7A93A5CA2B67707D00ABF322 /* NewItemViewVM.swift in Sources */,
				7A93A5C82B67706F00ABF322 /* ToDoListViewVM.swift in Sources */,
				7A93A5B82B676F9900ABF322 /* NewItemView.swift in Sources */,
			);
			runOnlyForDeploymentPostprocessing = 0;
		};
		7A93A5832B67670A00ABF322 /* Sources */ = {
			isa = PBXSourcesBuildPhase;
			buildActionMask = 2147483647;
			files = (
				7A93A58C2B67670A00ABF322 /* ToDoListTests.swift in Sources */,
			);
			runOnlyForDeploymentPostprocessing = 0;
		};
		7A93A58D2B67670A00ABF322 /* Sources */ = {
			isa = PBXSourcesBuildPhase;
			buildActionMask = 2147483647;
			files = (
				7A93A5982B67670A00ABF322 /* ToDoListUITestsLaunchTests.swift in Sources */,
				7A93A5962B67670A00ABF322 /* ToDoListUITests.swift in Sources */,
			);
			runOnlyForDeploymentPostprocessing = 0;
		};
/* End PBXSourcesBuildPhase section */

/* Begin PBXTargetDependency section */
		7A93A5892B67670A00ABF322 /* PBXTargetDependency */ = {
			isa = PBXTargetDependency;
			target = 7A93A5752B67670900ABF322 /* ToDoList */;
			targetProxy = 7A93A5882B67670A00ABF322 /* PBXContainerItemProxy */;
		};
		7A93A5932B67670A00ABF322 /* PBXTargetDependency */ = {
			isa = PBXTargetDependency;
			target = 7A93A5752B67670900ABF322 /* ToDoList */;
			targetProxy = 7A93A5922B67670A00ABF322 /* PBXContainerItemProxy */;
		};
/* End PBXTargetDependency section */

/* Begin XCBuildConfiguration section */
		7A93A5992B67670A00ABF322 /* Debug */ = {
			isa = XCBuildConfiguration;
			buildSettings = {
				ALWAYS_SEARCH_USER_PATHS = NO;
				ASSETCATALOG_COMPILER_GENERATE_SWIFT_ASSET_SYMBOL_EXTENSIONS = YES;
				CLANG_ANALYZER_NONNULL = YES;
				CLANG_ANALYZER_NUMBER_OBJECT_CONVERSION = YES_AGGRESSIVE;
				CLANG_CXX_LANGUAGE_STANDARD = "gnu++20";
				CLANG_ENABLE_MODULES = YES;
				CLANG_ENABLE_OBJC_ARC = YES;
				CLANG_ENABLE_OBJC_WEAK = YES;
				CLANG_WARN_BLOCK_CAPTURE_AUTORELEASING = YES;
				CLANG_WARN_BOOL_CONVERSION = YES;
				CLANG_WARN_COMMA = YES;
				CLANG_WARN_CONSTANT_CONVERSION = YES;
				CLANG_WARN_DEPRECATED_OBJC_IMPLEMENTATIONS = YES;
				CLANG_WARN_DIRECT_OBJC_ISA_USAGE = YES_ERROR;
				CLANG_WARN_DOCUMENTATION_COMMENTS = YES;
				CLANG_WARN_EMPTY_BODY = YES;
				CLANG_WARN_ENUM_CONVERSION = YES;
				CLANG_WARN_INFINITE_RECURSION = YES;
				CLANG_WARN_INT_CONVERSION = YES;
				CLANG_WARN_NON_LITERAL_NULL_CONVERSION = YES;
				CLANG_WARN_OBJC_IMPLICIT_RETAIN_SELF = YES;
				CLANG_WARN_OBJC_LITERAL_CONVERSION = YES;
				CLANG_WARN_OBJC_ROOT_CLASS = YES_ERROR;
				CLANG_WARN_QUOTED_INCLUDE_IN_FRAMEWORK_HEADER = YES;
				CLANG_WARN_RANGE_LOOP_ANALYSIS = YES;
				CLANG_WARN_STRICT_PROTOTYPES = YES;
				CLANG_WARN_SUSPICIOUS_MOVE = YES;
				CLANG_WARN_UNGUARDED_AVAILABILITY = YES_AGGRESSIVE;
				CLANG_WARN_UNREACHABLE_CODE = YES;
				CLANG_WARN__DUPLICATE_METHOD_MATCH = YES;
				COPY_PHASE_STRIP = NO;
				DEBUG_INFORMATION_FORMAT = dwarf;
				ENABLE_STRICT_OBJC_MSGSEND = YES;
				ENABLE_TESTABILITY = YES;
				ENABLE_USER_SCRIPT_SANDBOXING = YES;
				GCC_C_LANGUAGE_STANDARD = gnu17;
				GCC_DYNAMIC_NO_PIC = NO;
				GCC_NO_COMMON_BLOCKS = YES;
				GCC_OPTIMIZATION_LEVEL = 0;
				GCC_PREPROCESSOR_DEFINITIONS = (
					"DEBUG=1",
					"$(inherited)",
				);
				GCC_WARN_64_TO_32_BIT_CONVERSION = YES;
				GCC_WARN_ABOUT_RETURN_TYPE = YES_ERROR;
				GCC_WARN_UNDECLARED_SELECTOR = YES;
				GCC_WARN_UNINITIALIZED_AUTOS = YES_AGGRESSIVE;
				GCC_WARN_UNUSED_FUNCTION = YES;
				GCC_WARN_UNUSED_VARIABLE = YES;
				LOCALIZATION_PREFERS_STRING_CATALOGS = YES;
				MTL_ENABLE_DEBUG_INFO = INCLUDE_SOURCE;
				MTL_FAST_MATH = YES;
				ONLY_ACTIVE_ARCH = YES;
				SWIFT_ACTIVE_COMPILATION_CONDITIONS = "DEBUG $(inherited)";
				SWIFT_OPTIMIZATION_LEVEL = "-Onone";
			};
			name = Debug;
		};
		7A93A59A2B67670A00ABF322 /* Release */ = {
			isa = XCBuildConfiguration;
			buildSettings = {
				ALWAYS_SEARCH_USER_PATHS = NO;
				ASSETCATALOG_COMPILER_GENERATE_SWIFT_ASSET_SYMBOL_EXTENSIONS = YES;
				CLANG_ANALYZER_NONNULL = YES;
				CLANG_ANALYZER_NUMBER_OBJECT_CONVERSION = YES_AGGRESSIVE;
				CLANG_CXX_LANGUAGE_STANDARD = "gnu++20";
				CLANG_ENABLE_MODULES = YES;
				CLANG_ENABLE_OBJC_ARC = YES;
				CLANG_ENABLE_OBJC_WEAK = YES;
				CLANG_WARN_BLOCK_CAPTURE_AUTORELEASING = YES;
				CLANG_WARN_BOOL_CONVERSION = YES;
				CLANG_WARN_COMMA = YES;
				CLANG_WARN_CONSTANT_CONVERSION = YES;
				CLANG_WARN_DEPRECATED_OBJC_IMPLEMENTATIONS = YES;
				CLANG_WARN_DIRECT_OBJC_ISA_USAGE = YES_ERROR;
				CLANG_WARN_DOCUMENTATION_COMMENTS = YES;
				CLANG_WARN_EMPTY_BODY = YES;
				CLANG_WARN_ENUM_CONVERSION = YES;
				CLANG_WARN_INFINITE_RECURSION = YES;
				CLANG_WARN_INT_CONVERSION = YES;
				CLANG_WARN_NON_LITERAL_NULL_CONVERSION = YES;
				CLANG_WARN_OBJC_IMPLICIT_RETAIN_SELF = YES;
				CLANG_WARN_OBJC_LITERAL_CONVERSION = YES;
				CLANG_WARN_OBJC_ROOT_CLASS = YES_ERROR;
				CLANG_WARN_QUOTED_INCLUDE_IN_FRAMEWORK_HEADER = YES;
				CLANG_WARN_RANGE_LOOP_ANALYSIS = YES;
				CLANG_WARN_STRICT_PROTOTYPES = YES;
				CLANG_WARN_SUSPICIOUS_MOVE = YES;
				CLANG_WARN_UNGUARDED_AVAILABILITY = YES_AGGRESSIVE;
				CLANG_WARN_UNREACHABLE_CODE = YES;
				CLANG_WARN__DUPLICATE_METHOD_MATCH = YES;
				COPY_PHASE_STRIP = NO;
				DEBUG_INFORMATION_FORMAT = "dwarf-with-dsym";
				ENABLE_NS_ASSERTIONS = NO;
				ENABLE_STRICT_OBJC_MSGSEND = YES;
				ENABLE_USER_SCRIPT_SANDBOXING = YES;
				GCC_C_LANGUAGE_STANDARD = gnu17;
				GCC_NO_COMMON_BLOCKS = YES;
				GCC_WARN_64_TO_32_BIT_CONVERSION = YES;
				GCC_WARN_ABOUT_RETURN_TYPE = YES_ERROR;
				GCC_WARN_UNDECLARED_SELECTOR = YES;
				GCC_WARN_UNINITIALIZED_AUTOS = YES_AGGRESSIVE;
				GCC_WARN_UNUSED_FUNCTION = YES;
				GCC_WARN_UNUSED_VARIABLE = YES;
				LOCALIZATION_PREFERS_STRING_CATALOGS = YES;
				MTL_ENABLE_DEBUG_INFO = NO;
				MTL_FAST_MATH = YES;
				SWIFT_COMPILATION_MODE = wholemodule;
			};
			name = Release;
		};
		7A93A59C2B67670A00ABF322 /* Debug */ = {
			isa = XCBuildConfiguration;
			buildSettings = {
				ASSETCATALOG_COMPILER_APPICON_NAME = AppIcon;
				ASSETCATALOG_COMPILER_GLOBAL_ACCENT_COLOR_NAME = AccentColor;
				CODE_SIGN_ENTITLEMENTS = ToDoList/ToDoList.entitlements;
				CODE_SIGN_STYLE = Automatic;
				CURRENT_PROJECT_VERSION = 1;
				DEVELOPMENT_ASSET_PATHS = "\"ToDoList/Preview Content\"";
				ENABLE_PREVIEWS = YES;
				GENERATE_INFOPLIST_FILE = YES;
				INFOPLIST_KEY_CFBundleDisplayName = "To Do List";
				"INFOPLIST_KEY_UIApplicationSceneManifest_Generation[sdk=iphoneos*]" = YES;
				"INFOPLIST_KEY_UIApplicationSceneManifest_Generation[sdk=iphonesimulator*]" = YES;
				"INFOPLIST_KEY_UIApplicationSupportsIndirectInputEvents[sdk=iphoneos*]" = YES;
				"INFOPLIST_KEY_UIApplicationSupportsIndirectInputEvents[sdk=iphonesimulator*]" = YES;
				"INFOPLIST_KEY_UILaunchScreen_Generation[sdk=iphoneos*]" = YES;
				"INFOPLIST_KEY_UILaunchScreen_Generation[sdk=iphonesimulator*]" = YES;
				"INFOPLIST_KEY_UIStatusBarStyle[sdk=iphoneos*]" = UIStatusBarStyleDefault;
				"INFOPLIST_KEY_UIStatusBarStyle[sdk=iphonesimulator*]" = UIStatusBarStyleDefault;
				INFOPLIST_KEY_UISupportedInterfaceOrientations = UIInterfaceOrientationPortrait;
				IPHONEOS_DEPLOYMENT_TARGET = 17.2;
				LD_RUNPATH_SEARCH_PATHS = "@executable_path/Frameworks";
				"LD_RUNPATH_SEARCH_PATHS[sdk=macosx*]" = "@executable_path/../Frameworks";
				MACOSX_DEPLOYMENT_TARGET = 14.2;
				MARKETING_VERSION = 1.0;
				PRODUCT_BUNDLE_IDENTIFIER = goran.gratte.ToDoList;
				PRODUCT_NAME = "$(TARGET_NAME)";
				SDKROOT = auto;
				SUPPORTED_PLATFORMS = "iphoneos iphonesimulator macosx";
				SWIFT_EMIT_LOC_STRINGS = YES;
				SWIFT_VERSION = 5.0;
				TARGETED_DEVICE_FAMILY = "1,2";
			};
			name = Debug;
		};
		7A93A59D2B67670A00ABF322 /* Release */ = {
			isa = XCBuildConfiguration;
			buildSettings = {
				ASSETCATALOG_COMPILER_APPICON_NAME = AppIcon;
				ASSETCATALOG_COMPILER_GLOBAL_ACCENT_COLOR_NAME = AccentColor;
				CODE_SIGN_ENTITLEMENTS = ToDoList/ToDoList.entitlements;
				CODE_SIGN_STYLE = Automatic;
				CURRENT_PROJECT_VERSION = 1;
				DEVELOPMENT_ASSET_PATHS = "\"ToDoList/Preview Content\"";
				ENABLE_PREVIEWS = YES;
				GENERATE_INFOPLIST_FILE = YES;
				INFOPLIST_KEY_CFBundleDisplayName = "To Do List";
				"INFOPLIST_KEY_UIApplicationSceneManifest_Generation[sdk=iphoneos*]" = YES;
				"INFOPLIST_KEY_UIApplicationSceneManifest_Generation[sdk=iphonesimulator*]" = YES;
				"INFOPLIST_KEY_UIApplicationSupportsIndirectInputEvents[sdk=iphoneos*]" = YES;
				"INFOPLIST_KEY_UIApplicationSupportsIndirectInputEvents[sdk=iphonesimulator*]" = YES;
				"INFOPLIST_KEY_UILaunchScreen_Generation[sdk=iphoneos*]" = YES;
				"INFOPLIST_KEY_UILaunchScreen_Generation[sdk=iphonesimulator*]" = YES;
				"INFOPLIST_KEY_UIStatusBarStyle[sdk=iphoneos*]" = UIStatusBarStyleDefault;
				"INFOPLIST_KEY_UIStatusBarStyle[sdk=iphonesimulator*]" = UIStatusBarStyleDefault;
				INFOPLIST_KEY_UISupportedInterfaceOrientations = UIInterfaceOrientationPortrait;
				IPHONEOS_DEPLOYMENT_TARGET = 17.2;
				LD_RUNPATH_SEARCH_PATHS = "@executable_path/Frameworks";
				"LD_RUNPATH_SEARCH_PATHS[sdk=macosx*]" = "@executable_path/../Frameworks";
				MACOSX_DEPLOYMENT_TARGET = 14.2;
				MARKETING_VERSION = 1.0;
				PRODUCT_BUNDLE_IDENTIFIER = goran.gratte.ToDoList;
				PRODUCT_NAME = "$(TARGET_NAME)";
				SDKROOT = auto;
				SUPPORTED_PLATFORMS = "iphoneos iphonesimulator macosx";
				SWIFT_EMIT_LOC_STRINGS = YES;
				SWIFT_VERSION = 5.0;
				TARGETED_DEVICE_FAMILY = "1,2";
			};
			name = Release;
		};
		7A93A59F2B67670A00ABF322 /* Debug */ = {
			isa = XCBuildConfiguration;
			buildSettings = {
				ALWAYS_EMBED_SWIFT_STANDARD_LIBRARIES = YES;
				BUNDLE_LOADER = "$(TEST_HOST)";
				CODE_SIGN_STYLE = Automatic;
				CURRENT_PROJECT_VERSION = 1;
				GENERATE_INFOPLIST_FILE = YES;
				IPHONEOS_DEPLOYMENT_TARGET = 17.2;
				MACOSX_DEPLOYMENT_TARGET = 14.2;
				MARKETING_VERSION = 1.0;
				PRODUCT_BUNDLE_IDENTIFIER = goran.gratte.ToDoListTests;
				PRODUCT_NAME = "$(TARGET_NAME)";
				SDKROOT = auto;
				SUPPORTED_PLATFORMS = "iphoneos iphonesimulator macosx";
				SWIFT_EMIT_LOC_STRINGS = NO;
				SWIFT_VERSION = 5.0;
				TARGETED_DEVICE_FAMILY = "1,2";
				TEST_HOST = "$(BUILT_PRODUCTS_DIR)/ToDoList.app/$(BUNDLE_EXECUTABLE_FOLDER_PATH)/ToDoList";
			};
			name = Debug;
		};
		7A93A5A02B67670A00ABF322 /* Release */ = {
			isa = XCBuildConfiguration;
			buildSettings = {
				ALWAYS_EMBED_SWIFT_STANDARD_LIBRARIES = YES;
				BUNDLE_LOADER = "$(TEST_HOST)";
				CODE_SIGN_STYLE = Automatic;
				CURRENT_PROJECT_VERSION = 1;
				GENERATE_INFOPLIST_FILE = YES;
				IPHONEOS_DEPLOYMENT_TARGET = 17.2;
				MACOSX_DEPLOYMENT_TARGET = 14.2;
				MARKETING_VERSION = 1.0;
				PRODUCT_BUNDLE_IDENTIFIER = goran.gratte.ToDoListTests;
				PRODUCT_NAME = "$(TARGET_NAME)";
				SDKROOT = auto;
				SUPPORTED_PLATFORMS = "iphoneos iphonesimulator macosx";
				SWIFT_EMIT_LOC_STRINGS = NO;
				SWIFT_VERSION = 5.0;
				TARGETED_DEVICE_FAMILY = "1,2";
				TEST_HOST = "$(BUILT_PRODUCTS_DIR)/ToDoList.app/$(BUNDLE_EXECUTABLE_FOLDER_PATH)/ToDoList";
			};
			name = Release;
		};
		7A93A5A22B67670A00ABF322 /* Debug */ = {
			isa = XCBuildConfiguration;
			buildSettings = {
				ALWAYS_EMBED_SWIFT_STANDARD_LIBRARIES = YES;
				CODE_SIGN_STYLE = Automatic;
				CURRENT_PROJECT_VERSION = 1;
				GENERATE_INFOPLIST_FILE = YES;
				IPHONEOS_DEPLOYMENT_TARGET = 17.2;
				MACOSX_DEPLOYMENT_TARGET = 14.2;
				MARKETING_VERSION = 1.0;
				PRODUCT_BUNDLE_IDENTIFIER = goran.gratte.ToDoListUITests;
				PRODUCT_NAME = "$(TARGET_NAME)";
				SDKROOT = auto;
				SUPPORTED_PLATFORMS = "iphoneos iphonesimulator macosx";
				SWIFT_EMIT_LOC_STRINGS = NO;
				SWIFT_VERSION = 5.0;
				TARGETED_DEVICE_FAMILY = "1,2";
				TEST_TARGET_NAME = ToDoList;
			};
			name = Debug;
		};
		7A93A5A32B67670A00ABF322 /* Release */ = {
			isa = XCBuildConfiguration;
			buildSettings = {
				ALWAYS_EMBED_SWIFT_STANDARD_LIBRARIES = YES;
				CODE_SIGN_STYLE = Automatic;
				CURRENT_PROJECT_VERSION = 1;
				GENERATE_INFOPLIST_FILE = YES;
				IPHONEOS_DEPLOYMENT_TARGET = 17.2;
				MACOSX_DEPLOYMENT_TARGET = 14.2;
				MARKETING_VERSION = 1.0;
				PRODUCT_BUNDLE_IDENTIFIER = goran.gratte.ToDoListUITests;
				PRODUCT_NAME = "$(TARGET_NAME)";
				SDKROOT = auto;
				SUPPORTED_PLATFORMS = "iphoneos iphonesimulator macosx";
				SWIFT_EMIT_LOC_STRINGS = NO;
				SWIFT_VERSION = 5.0;
				TARGETED_DEVICE_FAMILY = "1,2";
				TEST_TARGET_NAME = ToDoList;
			};
			name = Release;
		};
/* End XCBuildConfiguration section */

/* Begin XCConfigurationList section */
		7A93A5712B67670900ABF322 /* Build configuration list for PBXProject "ToDoList" */ = {
			isa = XCConfigurationList;
			buildConfigurations = (
				7A93A5992B67670A00ABF322 /* Debug */,
				7A93A59A2B67670A00ABF322 /* Release */,
			);
			defaultConfigurationIsVisible = 0;
			defaultConfigurationName = Release;
		};
		7A93A59B2B67670A00ABF322 /* Build configuration list for PBXNativeTarget "ToDoList" */ = {
			isa = XCConfigurationList;
			buildConfigurations = (
				7A93A59C2B67670A00ABF322 /* Debug */,
				7A93A59D2B67670A00ABF322 /* Release */,
			);
			defaultConfigurationIsVisible = 0;
			defaultConfigurationName = Release;
		};
		7A93A59E2B67670A00ABF322 /* Build configuration list for PBXNativeTarget "ToDoListTests" */ = {
			isa = XCConfigurationList;
			buildConfigurations = (
				7A93A59F2B67670A00ABF322 /* Debug */,
				7A93A5A02B67670A00ABF322 /* Release */,
			);
			defaultConfigurationIsVisible = 0;
			defaultConfigurationName = Release;
		};
		7A93A5A12B67670A00ABF322 /* Build configuration list for PBXNativeTarget "ToDoListUITests" */ = {
			isa = XCConfigurationList;
			buildConfigurations = (
				7A93A5A22B67670A00ABF322 /* Debug */,
				7A93A5A32B67670A00ABF322 /* Release */,
			);
			defaultConfigurationIsVisible = 0;
			defaultConfigurationName = Release;
		};
/* End XCConfigurationList section */

/* Begin XCRemoteSwiftPackageReference section */
		7A93A5A42B67689200ABF322 /* XCRemoteSwiftPackageReference "firebase-ios-sdk" */ = {
			isa = XCRemoteSwiftPackageReference;
			repositoryURL = "https://github.com/firebase/firebase-ios-sdk.git";
			requirement = {
				kind = upToNextMajorVersion;
				minimumVersion = 10.20.0;
			};
		};
/* End XCRemoteSwiftPackageReference section */

/* Begin XCSwiftPackageProductDependency section */
		7A93A5A52B67689200ABF322 /* FirebaseAuth */ = {
			isa = XCSwiftPackageProductDependency;
			package = 7A93A5A42B67689200ABF322 /* XCRemoteSwiftPackageReference "firebase-ios-sdk" */;
			productName = FirebaseAuth;
		};
		7A93A5A72B67689200ABF322 /* FirebaseFirestore */ = {
			isa = XCSwiftPackageProductDependency;
			package = 7A93A5A42B67689200ABF322 /* XCRemoteSwiftPackageReference "firebase-ios-sdk" */;
			productName = FirebaseFirestore;
		};
		7A93A5A92B67689200ABF322 /* FirebaseFirestoreSwift */ = {
			isa = XCSwiftPackageProductDependency;
			package = 7A93A5A42B67689200ABF322 /* XCRemoteSwiftPackageReference "firebase-ios-sdk" */;
			productName = FirebaseFirestoreSwift;
		};
/* End XCSwiftPackageProductDependency section */
	};
	rootObject = 7A93A56E2B67670900ABF322 /* Project object */;
}
